
Microsoft Visual Studio Solution File, Format Version 12.00
# Visual Studio Version 16
VisualStudioVersion = 16.0.29709.97
MinimumVisualStudioVersion = 10.0.40219.1
Project("{FAE04EC0-301F-11D3-BF4B-00C04F79EFBC}") = "file1", "file1\file1.csproj", "{9B58F9B1-AE2A-438A-83ED-A1F7169B6B91}"
EndProject
Global
	GlobalSection(SolutionConfigurationPlatforms) = preSolution
		Debug|Any CPU = Debug|Any CPU
		Release|Any CPU = Release|Any CPU
	EndGlobalSection
	GlobalSection(ProjectConfigurationPlatforms) = postSolution
		{9B58F9B1-AE2A-438A-83ED-A1F7169B6B91}.Debug|Any CPU.ActiveCfg = Debug|Any CPU
		{9B58F9B1-AE2A-438A-83ED-A1F7169B6B91}.Debug|Any CPU.Build.0 = Debug|Any CPU
		{9B58F9B1-AE2A-438A-83ED-A1F7169B6B91}.Release|Any CPU.ActiveCfg = Release|Any CPU
		{9B58F9B1-AE2A-438A-83ED-A1F7169B6B91}.Release|Any CPU.Build.0 = Release|Any CPU
	EndGlobalSection
	GlobalSection(SolutionProperties) = preSolution
		HideSolutionNode = FALSE
	EndGlobalSection
	GlobalSection(ExtensibilityGlobals) = postSolution
		SolutionGuid = {98DACE41-D78A-429F-853F-FA0FDE8F4240}
	EndGlobalSection
EndGlobal
