
Microsoft Visual Studio Solution File, Format Version 12.00
# Visual Studio Version 16
VisualStudioVersion = 16.0.29709.97
MinimumVisualStudioVersion = 10.0.40219.1
Project("{FAE04EC0-301F-11D3-BF4B-00C04F79EFBC}") = "socket2", "socket2\socket2.csproj", "{DEAEBA13-6F3E-42CF-B70B-B6D1EDE5A769}"
EndProject
Global
	GlobalSection(SolutionConfigurationPlatforms) = preSolution
		Debug|Any CPU = Debug|Any CPU
		Release|Any CPU = Release|Any CPU
	EndGlobalSection
	GlobalSection(ProjectConfigurationPlatforms) = postSolution
		{DEAEBA13-6F3E-42CF-B70B-B6D1EDE5A769}.Debug|Any CPU.ActiveCfg = Debug|Any CPU
		{DEAEBA13-6F3E-42CF-B70B-B6D1EDE5A769}.Debug|Any CPU.Build.0 = Debug|Any CPU
		{DEAEBA13-6F3E-42CF-B70B-B6D1EDE5A769}.Release|Any CPU.ActiveCfg = Release|Any CPU
		{DEAEBA13-6F3E-42CF-B70B-B6D1EDE5A769}.Release|Any CPU.Build.0 = Release|Any CPU
	EndGlobalSection
	GlobalSection(SolutionProperties) = preSolution
		HideSolutionNode = FALSE
	EndGlobalSection
	GlobalSection(ExtensibilityGlobals) = postSolution
		SolutionGuid = {3122B186-9B1F-4F3C-9A49-D20CE2E4AB40}
	EndGlobalSection
EndGlobal
