
Microsoft Visual Studio Solution File, Format Version 12.00
# Visual Studio Version 16
VisualStudioVersion = 16.0.29709.97
MinimumVisualStudioVersion = 10.0.40219.1
Project("{FAE04EC0-301F-11D3-BF4B-00C04F79EFBC}") = "server", "server\server.csproj", "{B01AA712-2808-4F92-B951-10888A7FD219}"
EndProject
Global
	GlobalSection(SolutionConfigurationPlatforms) = preSolution
		Debug|Any CPU = Debug|Any CPU
		Release|Any CPU = Release|Any CPU
	EndGlobalSection
	GlobalSection(ProjectConfigurationPlatforms) = postSolution
		{B01AA712-2808-4F92-B951-10888A7FD219}.Debug|Any CPU.ActiveCfg = Debug|Any CPU
		{B01AA712-2808-4F92-B951-10888A7FD219}.Debug|Any CPU.Build.0 = Debug|Any CPU
		{B01AA712-2808-4F92-B951-10888A7FD219}.Release|Any CPU.ActiveCfg = Release|Any CPU
		{B01AA712-2808-4F92-B951-10888A7FD219}.Release|Any CPU.Build.0 = Release|Any CPU
	EndGlobalSection
	GlobalSection(SolutionProperties) = preSolution
		HideSolutionNode = FALSE
	EndGlobalSection
	GlobalSection(ExtensibilityGlobals) = postSolution
		SolutionGuid = {4535F0B1-5F75-48DD-ABB1-51DC763D17AC}
	EndGlobalSection
EndGlobal
