
Microsoft Visual Studio Solution File, Format Version 12.00
# Visual Studio Version 16
VisualStudioVersion = 16.0.29709.97
MinimumVisualStudioVersion = 10.0.40219.1
Project("{FAE04EC0-301F-11D3-BF4B-00C04F79EFBC}") = "file i", "file i\file i.csproj", "{2B1BF403-5EC9-45F2-B6C0-3C263368DA3D}"
EndProject
Global
	GlobalSection(SolutionConfigurationPlatforms) = preSolution
		Debug|Any CPU = Debug|Any CPU
		Release|Any CPU = Release|Any CPU
	EndGlobalSection
	GlobalSection(ProjectConfigurationPlatforms) = postSolution
		{2B1BF403-5EC9-45F2-B6C0-3C263368DA3D}.Debug|Any CPU.ActiveCfg = Debug|Any CPU
		{2B1BF403-5EC9-45F2-B6C0-3C263368DA3D}.Debug|Any CPU.Build.0 = Debug|Any CPU
		{2B1BF403-5EC9-45F2-B6C0-3C263368DA3D}.Release|Any CPU.ActiveCfg = Release|Any CPU
		{2B1BF403-5EC9-45F2-B6C0-3C263368DA3D}.Release|Any CPU.Build.0 = Release|Any CPU
	EndGlobalSection
	GlobalSection(SolutionProperties) = preSolution
		HideSolutionNode = FALSE
	EndGlobalSection
	GlobalSection(ExtensibilityGlobals) = postSolution
		SolutionGuid = {C8E56844-DEA5-4CB9-891C-FF1C5FDB88D7}
	EndGlobalSection
EndGlobal
