
Microsoft Visual Studio Solution File, Format Version 12.00
# Visual Studio Version 16
VisualStudioVersion = 16.0.29709.97
MinimumVisualStudioVersion = 10.0.40219.1
Project("{9A19103F-16F7-4668-BE54-9A1E7A4F7556}") = "ConsoleApp4", "ConsoleApp4\ConsoleApp4.csproj", "{1BF7C9E2-B996-4F08-B73B-E2D03D744B86}"
EndProject
Project("{9A19103F-16F7-4668-BE54-9A1E7A4F7556}") = "ConsoleApp1", "ConsoleApp1\ConsoleApp1.csproj", "{52D9D936-BE06-47E0-844F-C571A93FEFEB}"
EndProject
Project("{FAE04EC0-301F-11D3-BF4B-00C04F79EFBC}") = "ConsoleApp2", "ConsoleApp2\ConsoleApp2.csproj", "{DD6BD884-E247-4E92-B07F-9F047FD34731}"
EndProject
Global
	GlobalSection(SolutionConfigurationPlatforms) = preSolution
		Debug|Any CPU = Debug|Any CPU
		Release|Any CPU = Release|Any CPU
	EndGlobalSection
	GlobalSection(ProjectConfigurationPlatforms) = postSolution
		{1BF7C9E2-B996-4F08-B73B-E2D03D744B86}.Debug|Any CPU.ActiveCfg = Debug|Any CPU
		{1BF7C9E2-B996-4F08-B73B-E2D03D744B86}.Debug|Any CPU.Build.0 = Debug|Any CPU
		{1BF7C9E2-B996-4F08-B73B-E2D03D744B86}.Release|Any CPU.ActiveCfg = Release|Any CPU
		{1BF7C9E2-B996-4F08-B73B-E2D03D744B86}.Release|Any CPU.Build.0 = Release|Any CPU
		{52D9D936-BE06-47E0-844F-C571A93FEFEB}.Debug|Any CPU.ActiveCfg = Debug|Any CPU
		{52D9D936-BE06-47E0-844F-C571A93FEFEB}.Debug|Any CPU.Build.0 = Debug|Any CPU
		{52D9D936-BE06-47E0-844F-C571A93FEFEB}.Release|Any CPU.ActiveCfg = Release|Any CPU
		{52D9D936-BE06-47E0-844F-C571A93FEFEB}.Release|Any CPU.Build.0 = Release|Any CPU
		{DD6BD884-E247-4E92-B07F-9F047FD34731}.Debug|Any CPU.ActiveCfg = Debug|Any CPU
		{DD6BD884-E247-4E92-B07F-9F047FD34731}.Debug|Any CPU.Build.0 = Debug|Any CPU
		{DD6BD884-E247-4E92-B07F-9F047FD34731}.Release|Any CPU.ActiveCfg = Release|Any CPU
		{DD6BD884-E247-4E92-B07F-9F047FD34731}.Release|Any CPU.Build.0 = Release|Any CPU
	EndGlobalSection
	GlobalSection(SolutionProperties) = preSolution
		HideSolutionNode = FALSE
	EndGlobalSection
	GlobalSection(ExtensibilityGlobals) = postSolution
		SolutionGuid = {E2E94DEF-857A-4F8B-85E5-B75C15667866}
	EndGlobalSection
EndGlobal
